
Microsoft Visual Studio Solution File, Format Version 12.00
# Visual Studio 15
VisualStudioVersion = 15.0.28307.489
MinimumVisualStudioVersion = 10.0.40219.1
Project("{FAE04EC0-301F-11D3-BF4B-00C04F79EFBC}") = "lab3", "lab3.csproj", "{29C0B65E-80D3-492F-A5B7-E79B99027DF2}"
EndProject
Global
	GlobalSection(SolutionConfigurationPlatforms) = preSolution
		Debug|Any CPU = Debug|Any CPU
		Release|Any CPU = Release|Any CPU
	EndGlobalSection
	GlobalSection(ProjectConfigurationPlatforms) = postSolution
		{29C0B65E-80D3-492F-A5B7-E79B99027DF2}.Debug|Any CPU.ActiveCfg = Debug|Any CPU
		{29C0B65E-80D3-492F-A5B7-E79B99027DF2}.Debug|Any CPU.Build.0 = Debug|Any CPU
		{29C0B65E-80D3-492F-A5B7-E79B99027DF2}.Release|Any CPU.ActiveCfg = Release|Any CPU
		{29C0B65E-80D3-492F-A5B7-E79B99027DF2}.Release|Any CPU.Build.0 = Release|Any CPU
	EndGlobalSection
	GlobalSection(SolutionProperties) = preSolution
		HideSolutionNode = FALSE
	EndGlobalSection
	GlobalSection(ExtensibilityGlobals) = postSolution
		SolutionGuid = {AE2E3CC8-A84C-4A03-8C16-59B9D9D8F8A4}
	EndGlobalSection
EndGlobal
